{
  "originHash" : "635ad1b20e49d6603a9046dd4987ba29cdad5ed71c875e4176e892a0741b6b4d",
  "pins" : [
    {
      "identity" : "kingfisher",
      "kind" : "remoteSourceControl",
      "location" : "https://github.com/onevcat/Kingfisher",
      "state" : {
        "revision" : "2ef543ee21d63734e1c004ad6c870255e8716c50",
        "version" : "7.12.0"
      }
    },
    {
      "identity" : "toastui",
      "kind" : "remoteSourceControl",
      "location" : "https://github.com/quanshousio/ToastUI.git",
      "state" : {
        "revision" : "146e2f52c132f681fbf798c8c9f0eb52f021f346",
        "version" : "4.0.0"
      }
    }
  ],
  "version" : 3
}
