// !$*UTF8*$!
{
	archiveVersion = 1;
	classes = {
	};
	objectVersion = 56;
	objects = {

/* Begin PBXBuildFile section */
		2617B7DD2C74A80B00E3BD82 /* Loading.swift in Sources */ = {isa = PBXBuildFile; fileRef = 2617B7DC2C74A80B00E3BD82 /* Loading.swift */; };
		2617B7E42C7581FB00E3BD82 /* VariableBlur.swift in Sources */ = {isa = PBXBuildFile; fileRef = 2617B7E32C7581FB00E3BD82 /* VariableBlur.swift */; };
		2617B7E62C7583FB00E3BD82 /* Window.swift in Sources */ = {isa = PBXBuildFile; fileRef = 2617B7E52C7583FB00E3BD82 /* Window.swift */; };
		2617B7E82C758CF100E3BD82 /* EmptyState.swift in Sources */ = {isa = PBXBuildFile; fileRef = 2617B7E72C758CF100E3BD82 /* EmptyState.swift */; };
		2617B7EA2C75A35100E3BD82 /* Size.swift in Sources */ = {isa = PBXBuildFile; fileRef = 2617B7E92C75A35100E3BD82 /* Size.swift */; };
		2617B7EE2C76190300E3BD82 /* FriendsData.swift in Sources */ = {isa = PBXBuildFile; fileRef = 2617B7ED2C76190300E3BD82 /* FriendsData.swift */; };
		2617B7F02C761EE600E3BD82 /* MainData.swift in Sources */ = {isa = PBXBuildFile; fileRef = 2617B7EF2C761EE600E3BD82 /* MainData.swift */; };
		2617B7F22C762B6400E3BD82 /* RankingData.swift in Sources */ = {isa = PBXBuildFile; fileRef = 2617B7F12C762B6400E3BD82 /* RankingData.swift */; };
		2617B7F42C76D82500E3BD82 /* LoadingData.swift in Sources */ = {isa = PBXBuildFile; fileRef = 2617B7F32C76D82500E3BD82 /* LoadingData.swift */; };
		2622AB4A2BF8ED14003C31E0 /* HomeView.swift in Sources */ = {isa = PBXBuildFile; fileRef = 2622AB492BF8ED14003C31E0 /* HomeView.swift */; };
		262368502BBE3A6100264BD9 /* RouteDetailView.swift in Sources */ = {isa = PBXBuildFile; fileRef = 2623684F2BBE3A6100264BD9 /* RouteDetailView.swift */; };
		262368542BC3715400264BD9 /* LocationDataManager.swift in Sources */ = {isa = PBXBuildFile; fileRef = 262368532BC3715400264BD9 /* LocationDataManager.swift */; };
		2628877A2C72044E006BBE1E /* KeyboardHeightPublisher.swift in Sources */ = {isa = PBXBuildFile; fileRef = 262887792C72044E006BBE1E /* KeyboardHeightPublisher.swift */; };
		2628877C2C720A1E006BBE1E /* MoodColors.swift in Sources */ = {isa = PBXBuildFile; fileRef = 2628877B2C720A1E006BBE1E /* MoodColors.swift */; };
		2628877E2C732369006BBE1E /* UploadImages.swift in Sources */ = {isa = PBXBuildFile; fileRef = 2628877D2C732369006BBE1E /* UploadImages.swift */; };
		264B8F132BEC57D100AA2E79 /* LaunchScreenData.swift in Sources */ = {isa = PBXBuildFile; fileRef = 264B8F122BEC57D100AA2E79 /* LaunchScreenData.swift */; };
		265201702C6C976700222C9A /* Utils.swift in Sources */ = {isa = PBXBuildFile; fileRef = 2652016F2C6C976700222C9A /* Utils.swift */; };
		265201772C6F9F9D00222C9A /* BackButton.swift in Sources */ = {isa = PBXBuildFile; fileRef = 265201762C6F9F9D00222C9A /* BackButton.swift */; };
		265ED6942C44AF3F009142A7 /* Request.swift in Sources */ = {isa = PBXBuildFile; fileRef = 265ED6932C44AF3F009142A7 /* Request.swift */; };
		265ED6962C44BC89009142A7 /* Api.swift in Sources */ = {isa = PBXBuildFile; fileRef = 265ED6952C44BC89009142A7 /* Api.swift */; };
		265ED69B2C45018A009142A7 /* InviteView.swift in Sources */ = {isa = PBXBuildFile; fileRef = 265ED69A2C45018A009142A7 /* InviteView.swift */; };
		265ED69E2C4501D1009142A7 /* FriendsView.swift in Sources */ = {isa = PBXBuildFile; fileRef = 265ED69D2C4501D1009142A7 /* FriendsView.swift */; };
		2670A68F2BD403290004E3A1 /* SettingView.swift in Sources */ = {isa = PBXBuildFile; fileRef = 2670A68E2BD403290004E3A1 /* SettingView.swift */; };
		2672F1272C7B31E9006A4375 /* Kingfisher in Frameworks */ = {isa = PBXBuildFile; productRef = 2672F1262C7B31E9006A4375 /* Kingfisher */; };
		2672F12B2C7B3894006A4375 /* Images.swift in Sources */ = {isa = PBXBuildFile; fileRef = 2672F12A2C7B3894006A4375 /* Images.swift */; };
		2672F1392C7D5899006A4375 /* Genders.swift in Sources */ = {isa = PBXBuildFile; fileRef = 2672F1382C7D5899006A4375 /* Genders.swift */; };
		2685D0262C6B9E1600892F5B /* Color.swift in Sources */ = {isa = PBXBuildFile; fileRef = 2685D0252C6B9E1600892F5B /* Color.swift */; };
		26A3CD5F2C709ACD00635D6D /* Colors.swift in Sources */ = {isa = PBXBuildFile; fileRef = 26A3CD5E2C709ACD00635D6D /* Colors.swift */; };
		26A3CD612C70E1EB00635D6D /* UINavigationController.swift in Sources */ = {isa = PBXBuildFile; fileRef = 26A3CD602C70E1EB00635D6D /* UINavigationController.swift */; };
		26A624012BDFCFF10074352D /* ImagePickerView.swift in Sources */ = {isa = PBXBuildFile; fileRef = 26A624002BDFCFF10074352D /* ImagePickerView.swift */; };
		26A624032BE253FE0074352D /* LaunchView.swift in Sources */ = {isa = PBXBuildFile; fileRef = 26A624022BE253FE0074352D /* LaunchView.swift */; };
		26A624072BE52A5C0074352D /* StorageData.swift in Sources */ = {isa = PBXBuildFile; fileRef = 26A624062BE52A5C0074352D /* StorageData.swift */; };
		26A624112BE91FC80074352D /* Launch Screen.storyboard in Resources */ = {isa = PBXBuildFile; fileRef = 26A624102BE91FC80074352D /* Launch Screen.storyboard */; };
		26AB72512BC8086000F12616 /* Path.swift in Sources */ = {isa = PBXBuildFile; fileRef = 26AB72502BC8086000F12616 /* Path.swift */; };
		26B998562BBD92EF000D1E88 /* city_walk_iosApp.swift in Sources */ = {isa = PBXBuildFile; fileRef = 26B998552BBD92EF000D1E88 /* city_walk_iosApp.swift */; };
		26B998582BBD92EF000D1E88 /* ContentView.swift in Sources */ = {isa = PBXBuildFile; fileRef = 26B998572BBD92EF000D1E88 /* ContentView.swift */; };
		26B9985A2BBD92F1000D1E88 /* Assets.xcassets in Resources */ = {isa = PBXBuildFile; fileRef = 26B998592BBD92F1000D1E88 /* Assets.xcassets */; };
		26B9985D2BBD92F1000D1E88 /* Preview Assets.xcassets in Resources */ = {isa = PBXBuildFile; fileRef = 26B9985C2BBD92F1000D1E88 /* Preview Assets.xcassets */; };
		26B9986F2BBD9788000D1E88 /* ApiResultType.swift in Sources */ = {isa = PBXBuildFile; fileRef = 26B9986E2BBD9788000D1E88 /* ApiResultType.swift */; };
		26B998732BBD97FF000D1E88 /* MainView.swift in Sources */ = {isa = PBXBuildFile; fileRef = 26B998722BBD97FF000D1E88 /* MainView.swift */; };
		26B998752BBD982A000D1E88 /* RankingView.swift in Sources */ = {isa = PBXBuildFile; fileRef = 26B998742BBD982A000D1E88 /* RankingView.swift */; };
		26BB0BCB2C80592700E53A61 /* TravelType.swift in Sources */ = {isa = PBXBuildFile; fileRef = 26BB0BCA2C80592700E53A61 /* TravelType.swift */; };
		26BB0BCD2C81B6FF00E53A61 /* Landmark.swift in Sources */ = {isa = PBXBuildFile; fileRef = 26BB0BCC2C81B6FF00E53A61 /* Landmark.swift */; };
		26BB0BCF2C81CA3100E53A61 /* CameraView.swift in Sources */ = {isa = PBXBuildFile; fileRef = 26BB0BCE2C81CA3100E53A61 /* CameraView.swift */; };
		26C5153C2C78C3B3007541E4 /* HomeData.swift in Sources */ = {isa = PBXBuildFile; fileRef = 26C5153B2C78C3B3007541E4 /* HomeData.swift */; };
		26CE0B932C1143B4001984D9 /* LoginView.swift in Sources */ = {isa = PBXBuildFile; fileRef = 26CE0B922C1143B4001984D9 /* LoginView.swift */; };
		26DB3C282C6B3C4000D14719 /* Default.swift in Sources */ = {isa = PBXBuildFile; fileRef = 26DB3C272C6B3C4000D14719 /* Default.swift */; };
/* End PBXBuildFile section */

/* Begin PBXFileReference section */
		2617B7DC2C74A80B00E3BD82 /* Loading.swift */ = {isa = PBXFileReference; lastKnownFileType = sourcecode.swift; path = Loading.swift; sourceTree = "<group>"; };
		2617B7E32C7581FB00E3BD82 /* VariableBlur.swift */ = {isa = PBXFileReference; lastKnownFileType = sourcecode.swift; path = VariableBlur.swift; sourceTree = "<group>"; };
		2617B7E52C7583FB00E3BD82 /* Window.swift */ = {isa = PBXFileReference; lastKnownFileType = sourcecode.swift; path = Window.swift; sourceTree = "<group>"; };
		2617B7E72C758CF100E3BD82 /* EmptyState.swift */ = {isa = PBXFileReference; lastKnownFileType = sourcecode.swift; path = EmptyState.swift; sourceTree = "<group>"; };
		2617B7E92C75A35100E3BD82 /* Size.swift */ = {isa = PBXFileReference; lastKnownFileType = sourcecode.swift; path = Size.swift; sourceTree = "<group>"; };
		2617B7ED2C76190300E3BD82 /* FriendsData.swift */ = {isa = PBXFileReference; lastKnownFileType = sourcecode.swift; path = FriendsData.swift; sourceTree = "<group>"; };
		2617B7EF2C761EE600E3BD82 /* MainData.swift */ = {isa = PBXFileReference; lastKnownFileType = sourcecode.swift; path = MainData.swift; sourceTree = "<group>"; };
		2617B7F12C762B6400E3BD82 /* RankingData.swift */ = {isa = PBXFileReference; lastKnownFileType = sourcecode.swift; path = RankingData.swift; sourceTree = "<group>"; };
		2617B7F32C76D82500E3BD82 /* LoadingData.swift */ = {isa = PBXFileReference; lastKnownFileType = sourcecode.swift; path = LoadingData.swift; sourceTree = "<group>"; };
		2622AB492BF8ED14003C31E0 /* HomeView.swift */ = {isa = PBXFileReference; lastKnownFileType = sourcecode.swift; path = HomeView.swift; sourceTree = "<group>"; };
		2623684F2BBE3A6100264BD9 /* RouteDetailView.swift */ = {isa = PBXFileReference; lastKnownFileType = sourcecode.swift; path = RouteDetailView.swift; sourceTree = "<group>"; };
		262368532BC3715400264BD9 /* LocationDataManager.swift */ = {isa = PBXFileReference; lastKnownFileType = sourcecode.swift; path = LocationDataManager.swift; sourceTree = "<group>"; };
		262887792C72044E006BBE1E /* KeyboardHeightPublisher.swift */ = {isa = PBXFileReference; lastKnownFileType = sourcecode.swift; path = KeyboardHeightPublisher.swift; sourceTree = "<group>"; };
		2628877B2C720A1E006BBE1E /* MoodColors.swift */ = {isa = PBXFileReference; lastKnownFileType = sourcecode.swift; path = MoodColors.swift; sourceTree = "<group>"; };
		2628877D2C732369006BBE1E /* UploadImages.swift */ = {isa = PBXFileReference; lastKnownFileType = sourcecode.swift; path = UploadImages.swift; sourceTree = "<group>"; };
		264B8F122BEC57D100AA2E79 /* LaunchScreenData.swift */ = {isa = PBXFileReference; lastKnownFileType = sourcecode.swift; path = LaunchScreenData.swift; sourceTree = "<group>"; };
		2652016F2C6C976700222C9A /* Utils.swift */ = {isa = PBXFileReference; lastKnownFileType = sourcecode.swift; path = Utils.swift; sourceTree = "<group>"; };
		265201762C6F9F9D00222C9A /* BackButton.swift */ = {isa = PBXFileReference; lastKnownFileType = sourcecode.swift; path = BackButton.swift; sourceTree = "<group>"; };
		265ED6932C44AF3F009142A7 /* Request.swift */ = {isa = PBXFileReference; lastKnownFileType = sourcecode.swift; path = Request.swift; sourceTree = "<group>"; };
		265ED6952C44BC89009142A7 /* Api.swift */ = {isa = PBXFileReference; lastKnownFileType = sourcecode.swift; path = Api.swift; sourceTree = "<group>"; };
		265ED69A2C45018A009142A7 /* InviteView.swift */ = {isa = PBXFileReference; lastKnownFileType = sourcecode.swift; path = InviteView.swift; sourceTree = "<group>"; };
		265ED69D2C4501D1009142A7 /* FriendsView.swift */ = {isa = PBXFileReference; lastKnownFileType = sourcecode.swift; path = FriendsView.swift; sourceTree = "<group>"; };
		2670A68E2BD403290004E3A1 /* SettingView.swift */ = {isa = PBXFileReference; lastKnownFileType = sourcecode.swift; path = SettingView.swift; sourceTree = "<group>"; };
		2672F12A2C7B3894006A4375 /* Images.swift */ = {isa = PBXFileReference; lastKnownFileType = sourcecode.swift; path = Images.swift; sourceTree = "<group>"; };
		2672F1382C7D5899006A4375 /* Genders.swift */ = {isa = PBXFileReference; lastKnownFileType = sourcecode.swift; path = Genders.swift; sourceTree = "<group>"; };
		2685D0252C6B9E1600892F5B /* Color.swift */ = {isa = PBXFileReference; lastKnownFileType = sourcecode.swift; path = Color.swift; sourceTree = "<group>"; };
		26A3CD5E2C709ACD00635D6D /* Colors.swift */ = {isa = PBXFileReference; lastKnownFileType = sourcecode.swift; path = Colors.swift; sourceTree = "<group>"; };
		26A3CD602C70E1EB00635D6D /* UINavigationController.swift */ = {isa = PBXFileReference; lastKnownFileType = sourcecode.swift; path = UINavigationController.swift; sourceTree = "<group>"; };
		26A624002BDFCFF10074352D /* ImagePickerView.swift */ = {isa = PBXFileReference; lastKnownFileType = sourcecode.swift; path = ImagePickerView.swift; sourceTree = "<group>"; };
		26A624022BE253FE0074352D /* LaunchView.swift */ = {isa = PBXFileReference; lastKnownFileType = sourcecode.swift; path = LaunchView.swift; sourceTree = "<group>"; };
		26A624042BE279AE0074352D /* Info.plist */ = {isa = PBXFileReference; lastKnownFileType = text.plist; path = Info.plist; sourceTree = "<group>"; };
		26A624062BE52A5C0074352D /* StorageData.swift */ = {isa = PBXFileReference; lastKnownFileType = sourcecode.swift; path = StorageData.swift; sourceTree = "<group>"; };
		26A624102BE91FC80074352D /* Launch Screen.storyboard */ = {isa = PBXFileReference; lastKnownFileType = file.storyboard; path = "Launch Screen.storyboard"; sourceTree = "<group>"; };
		26AB72502BC8086000F12616 /* Path.swift */ = {isa = PBXFileReference; lastKnownFileType = sourcecode.swift; path = Path.swift; sourceTree = "<group>"; };
		26B998522BBD92EF000D1E88 /* city-walk-ios.app */ = {isa = PBXFileReference; explicitFileType = wrapper.application; includeInIndex = 0; path = "city-walk-ios.app"; sourceTree = BUILT_PRODUCTS_DIR; };
		26B998552BBD92EF000D1E88 /* city_walk_iosApp.swift */ = {isa = PBXFileReference; lastKnownFileType = sourcecode.swift; path = city_walk_iosApp.swift; sourceTree = "<group>"; };
		26B998572BBD92EF000D1E88 /* ContentView.swift */ = {isa = PBXFileReference; lastKnownFileType = sourcecode.swift; path = ContentView.swift; sourceTree = "<group>"; };
		26B998592BBD92F1000D1E88 /* Assets.xcassets */ = {isa = PBXFileReference; lastKnownFileType = folder.assetcatalog; path = Assets.xcassets; sourceTree = "<group>"; };
		26B9985C2BBD92F1000D1E88 /* Preview Assets.xcassets */ = {isa = PBXFileReference; lastKnownFileType = folder.assetcatalog; path = "Preview Assets.xcassets"; sourceTree = "<group>"; };
		26B9986E2BBD9788000D1E88 /* ApiResultType.swift */ = {isa = PBXFileReference; lastKnownFileType = sourcecode.swift; path = ApiResultType.swift; sourceTree = "<group>"; };
		26B998722BBD97FF000D1E88 /* MainView.swift */ = {isa = PBXFileReference; lastKnownFileType = sourcecode.swift; path = MainView.swift; sourceTree = "<group>"; };
		26B998742BBD982A000D1E88 /* RankingView.swift */ = {isa = PBXFileReference; lastKnownFileType = sourcecode.swift; path = RankingView.swift; sourceTree = "<group>"; };
		26BB0BCA2C80592700E53A61 /* TravelType.swift */ = {isa = PBXFileReference; lastKnownFileType = sourcecode.swift; path = TravelType.swift; sourceTree = "<group>"; };
		26BB0BCC2C81B6FF00E53A61 /* Landmark.swift */ = {isa = PBXFileReference; lastKnownFileType = sourcecode.swift; path = Landmark.swift; sourceTree = "<group>"; };
		26BB0BCE2C81CA3100E53A61 /* CameraView.swift */ = {isa = PBXFileReference; lastKnownFileType = sourcecode.swift; path = CameraView.swift; sourceTree = "<group>"; };
		26C5153B2C78C3B3007541E4 /* HomeData.swift */ = {isa = PBXFileReference; lastKnownFileType = sourcecode.swift; path = HomeData.swift; sourceTree = "<group>"; };
		26CE0B922C1143B4001984D9 /* LoginView.swift */ = {isa = PBXFileReference; lastKnownFileType = sourcecode.swift; path = LoginView.swift; sourceTree = "<group>"; };
		26DB3C272C6B3C4000D14719 /* Default.swift */ = {isa = PBXFileReference; lastKnownFileType = sourcecode.swift; path = Default.swift; sourceTree = "<group>"; };
/* End PBXFileReference section */

/* Begin PBXFrameworksBuildPhase section */
		26B9984F2BBD92EF000D1E88 /* Frameworks */ = {
			isa = PBXFrameworksBuildPhase;
			buildActionMask = 2147483647;
			files = (
				2672F1272C7B31E9006A4375 /* Kingfisher in Frameworks */,
			);
			runOnlyForDeploymentPostprocessing = 0;
		};
/* End PBXFrameworksBuildPhase section */

/* Begin PBXGroup section */
		262887782C72042F006BBE1E /* Extension */ = {
			isa = PBXGroup;
			children = (
				2685D0252C6B9E1600892F5B /* Color.swift */,
				262887792C72044E006BBE1E /* KeyboardHeightPublisher.swift */,
				26A3CD602C70E1EB00635D6D /* UINavigationController.swift */,
			);
			path = Extension;
			sourceTree = "<group>";
		};
		265201732C6E296300222C9A /* Enum */ = {
			isa = PBXGroup;
			children = (
				2628877B2C720A1E006BBE1E /* MoodColors.swift */,
				2672F1382C7D5899006A4375 /* Genders.swift */,
				26BB0BCA2C80592700E53A61 /* TravelType.swift */,
			);
			path = Enum;
			sourceTree = "<group>";
		};
		2670A68B2BD3D9B70004E3A1 /* Components */ = {
			isa = PBXGroup;
			children = (
				26A624002BDFCFF10074352D /* ImagePickerView.swift */,
				265201762C6F9F9D00222C9A /* BackButton.swift */,
				2617B7DC2C74A80B00E3BD82 /* Loading.swift */,
				2617B7E32C7581FB00E3BD82 /* VariableBlur.swift */,
				2617B7E72C758CF100E3BD82 /* EmptyState.swift */,
				26BB0BCC2C81B6FF00E53A61 /* Landmark.swift */,
				26BB0BCE2C81CA3100E53A61 /* CameraView.swift */,
			);
			path = Components;
			sourceTree = "<group>";
		};
		26A624052BE52A4B0074352D /* Data */ = {
			isa = PBXGroup;
			children = (
				26A624062BE52A5C0074352D /* StorageData.swift */,
				264B8F122BEC57D100AA2E79 /* LaunchScreenData.swift */,
				2617B7ED2C76190300E3BD82 /* FriendsData.swift */,
				2617B7EF2C761EE600E3BD82 /* MainData.swift */,
				2617B7F12C762B6400E3BD82 /* RankingData.swift */,
				2617B7F32C76D82500E3BD82 /* LoadingData.swift */,
				26C5153B2C78C3B3007541E4 /* HomeData.swift */,
			);
			path = Data;
			sourceTree = "<group>";
		};
		26AB724F2BC8083500F12616 /* Token */ = {
			isa = PBXGroup;
			children = (
				26AB72502BC8086000F12616 /* Path.swift */,
				26DB3C272C6B3C4000D14719 /* Default.swift */,
				26A3CD5E2C709ACD00635D6D /* Colors.swift */,
				2617B7E92C75A35100E3BD82 /* Size.swift */,
				2672F12A2C7B3894006A4375 /* Images.swift */,
			);
			path = Token;
			sourceTree = "<group>";
		};
		26B998492BBD92EF000D1E88 = {
			isa = PBXGroup;
			children = (
				26B998542BBD92EF000D1E88 /* city-walk-ios */,
				26B998532BBD92EF000D1E88 /* Products */,
			);
			sourceTree = "<group>";
		};
		26B998532BBD92EF000D1E88 /* Products */ = {
			isa = PBXGroup;
			children = (
				26B998522BBD92EF000D1E88 /* city-walk-ios.app */,
			);
			name = Products;
			sourceTree = "<group>";
		};
		26B998542BBD92EF000D1E88 /* city-walk-ios */ = {
			isa = PBXGroup;
			children = (
				26C5153D2C78D0D8007541E4 /* Struct */,
				262887782C72042F006BBE1E /* Extension */,
				265201732C6E296300222C9A /* Enum */,
				26A624052BE52A4B0074352D /* Data */,
				26A624042BE279AE0074352D /* Info.plist */,
				2670A68B2BD3D9B70004E3A1 /* Components */,
				26AB724F2BC8083500F12616 /* Token */,
				26B998652BBD963E000D1E88 /* Utils */,
				26B998642BBD9621000D1E88 /* Api */,
				26B998632BBD9619000D1E88 /* Views */,
				26B998552BBD92EF000D1E88 /* city_walk_iosApp.swift */,
				26B998572BBD92EF000D1E88 /* ContentView.swift */,
				26B998592BBD92F1000D1E88 /* Assets.xcassets */,
				26B9985B2BBD92F1000D1E88 /* Preview Content */,
				26A624102BE91FC80074352D /* Launch Screen.storyboard */,
			);
			path = "city-walk-ios";
			sourceTree = "<group>";
		};
		26B9985B2BBD92F1000D1E88 /* Preview Content */ = {
			isa = PBXGroup;
			children = (
				26B9985C2BBD92F1000D1E88 /* Preview Assets.xcassets */,
			);
			path = "Preview Content";
			sourceTree = "<group>";
		};
		26B998632BBD9619000D1E88 /* Views */ = {
			isa = PBXGroup;
			children = (
				26A624022BE253FE0074352D /* LaunchView.swift */,
				2670A68E2BD403290004E3A1 /* SettingView.swift */,
				26B998722BBD97FF000D1E88 /* MainView.swift */,
				265ED69D2C4501D1009142A7 /* FriendsView.swift */,
				2623684F2BBE3A6100264BD9 /* RouteDetailView.swift */,
				26B998742BBD982A000D1E88 /* RankingView.swift */,
				265ED69A2C45018A009142A7 /* InviteView.swift */,
				2622AB492BF8ED14003C31E0 /* HomeView.swift */,
				26CE0B922C1143B4001984D9 /* LoginView.swift */,
			);
			path = Views;
			sourceTree = "<group>";
		};
		26B998642BBD9621000D1E88 /* Api */ = {
			isa = PBXGroup;
			children = (
				265ED6952C44BC89009142A7 /* Api.swift */,
			);
			path = Api;
			sourceTree = "<group>";
		};
		26B998652BBD963E000D1E88 /* Utils */ = {
			isa = PBXGroup;
			children = (
				265ED6932C44AF3F009142A7 /* Request.swift */,
				2617B7E52C7583FB00E3BD82 /* Window.swift */,
				262368532BC3715400264BD9 /* LocationDataManager.swift */,
				2652016F2C6C976700222C9A /* Utils.swift */,
				2628877D2C732369006BBE1E /* UploadImages.swift */,
			);
			path = Utils;
			sourceTree = "<group>";
		};
		26C5153D2C78D0D8007541E4 /* Struct */ = {
			isa = PBXGroup;
			children = (
				26B9986E2BBD9788000D1E88 /* ApiResultType.swift */,
			);
			path = Struct;
			sourceTree = "<group>";
		};
/* End PBXGroup section */

/* Begin PBXNativeTarget section */
		26B998512BBD92EF000D1E88 /* city-walk-ios */ = {
			isa = PBXNativeTarget;
			buildConfigurationList = 26B998602BBD92F1000D1E88 /* Build configuration list for PBXNativeTarget "city-walk-ios" */;
			buildPhases = (
				26B9984E2BBD92EF000D1E88 /* Sources */,
				26B9984F2BBD92EF000D1E88 /* Frameworks */,
				26B998502BBD92EF000D1E88 /* Resources */,
			);
			buildRules = (
			);
			dependencies = (
			);
			name = "city-walk-ios";
			packageProductDependencies = (
				2672F1262C7B31E9006A4375 /* Kingfisher */,
			);
			productName = "city-walk-ios";
			productReference = 26B998522BBD92EF000D1E88 /* city-walk-ios.app */;
			productType = "com.apple.product-type.application";
		};
/* End PBXNativeTarget section */

/* Begin PBXProject section */
		26B9984A2BBD92EF000D1E88 /* Project object */ = {
			isa = PBXProject;
			attributes = {
				BuildIndependentTargetsInParallel = 1;
				LastSwiftUpdateCheck = 1530;
				LastUpgradeCheck = 1530;
				TargetAttributes = {
					26B998512BBD92EF000D1E88 = {
						CreatedOnToolsVersion = 15.3;
					};
				};
			};
			buildConfigurationList = 26B9984D2BBD92EF000D1E88 /* Build configuration list for PBXProject "city-walk-ios" */;
			compatibilityVersion = "Xcode 14.0";
			developmentRegion = en;
			hasScannedForEncodings = 0;
			knownRegions = (
				en,
				Base,
			);
			mainGroup = 26B998492BBD92EF000D1E88;
			packageReferences = (
				2672F1252C7B31E9006A4375 /* XCRemoteSwiftPackageReference "Kingfisher" */,
			);
			productRefGroup = 26B998532BBD92EF000D1E88 /* Products */;
			projectDirPath = "";
			projectRoot = "";
			targets = (
				26B998512BBD92EF000D1E88 /* city-walk-ios */,
			);
		};
/* End PBXProject section */

/* Begin PBXResourcesBuildPhase section */
		26B998502BBD92EF000D1E88 /* Resources */ = {
			isa = PBXResourcesBuildPhase;
			buildActionMask = 2147483647;
			files = (
				26B9985D2BBD92F1000D1E88 /* Preview Assets.xcassets in Resources */,
				26A624112BE91FC80074352D /* Launch Screen.storyboard in Resources */,
				26B9985A2BBD92F1000D1E88 /* Assets.xcassets in Resources */,
			);
			runOnlyForDeploymentPostprocessing = 0;
		};
/* End PBXResourcesBuildPhase section */

/* Begin PBXSourcesBuildPhase section */
		26B9984E2BBD92EF000D1E88 /* Sources */ = {
			isa = PBXSourcesBuildPhase;
			buildActionMask = 2147483647;
			files = (
				264B8F132BEC57D100AA2E79 /* LaunchScreenData.swift in Sources */,
				26A624032BE253FE0074352D /* LaunchView.swift in Sources */,
				262368502BBE3A6100264BD9 /* RouteDetailView.swift in Sources */,
				26B998732BBD97FF000D1E88 /* MainView.swift in Sources */,
				2617B7EA2C75A35100E3BD82 /* Size.swift in Sources */,
				2617B7E62C7583FB00E3BD82 /* Window.swift in Sources */,
				265ED6942C44AF3F009142A7 /* Request.swift in Sources */,
				26A3CD612C70E1EB00635D6D /* UINavigationController.swift in Sources */,
				265201702C6C976700222C9A /* Utils.swift in Sources */,
				26BB0BCB2C80592700E53A61 /* TravelType.swift in Sources */,
				2685D0262C6B9E1600892F5B /* Color.swift in Sources */,
				26C5153C2C78C3B3007541E4 /* HomeData.swift in Sources */,
				2617B7F22C762B6400E3BD82 /* RankingData.swift in Sources */,
				2628877E2C732369006BBE1E /* UploadImages.swift in Sources */,
				2670A68F2BD403290004E3A1 /* SettingView.swift in Sources */,
				265ED69B2C45018A009142A7 /* InviteView.swift in Sources */,
				26B998582BBD92EF000D1E88 /* ContentView.swift in Sources */,
				26B9986F2BBD9788000D1E88 /* ApiResultType.swift in Sources */,
				26DB3C282C6B3C4000D14719 /* Default.swift in Sources */,
				2617B7EE2C76190300E3BD82 /* FriendsData.swift in Sources */,
				26CE0B932C1143B4001984D9 /* LoginView.swift in Sources */,
				262368542BC3715400264BD9 /* LocationDataManager.swift in Sources */,
				265ED6962C44BC89009142A7 /* Api.swift in Sources */,
				26B998562BBD92EF000D1E88 /* city_walk_iosApp.swift in Sources */,
				2617B7F02C761EE600E3BD82 /* MainData.swift in Sources */,
				2628877A2C72044E006BBE1E /* KeyboardHeightPublisher.swift in Sources */,
				26A3CD5F2C709ACD00635D6D /* Colors.swift in Sources */,
				26A624072BE52A5C0074352D /* StorageData.swift in Sources */,
				26BB0BCF2C81CA3100E53A61 /* CameraView.swift in Sources */,
				2628877C2C720A1E006BBE1E /* MoodColors.swift in Sources */,
				2617B7F42C76D82500E3BD82 /* LoadingData.swift in Sources */,
				2622AB4A2BF8ED14003C31E0 /* HomeView.swift in Sources */,
				2672F12B2C7B3894006A4375 /* Images.swift in Sources */,
				2617B7DD2C74A80B00E3BD82 /* Loading.swift in Sources */,
				2617B7E82C758CF100E3BD82 /* EmptyState.swift in Sources */,
				26B998752BBD982A000D1E88 /* RankingView.swift in Sources */,
				26BB0BCD2C81B6FF00E53A61 /* Landmark.swift in Sources */,
				265201772C6F9F9D00222C9A /* BackButton.swift in Sources */,
				2617B7E42C7581FB00E3BD82 /* VariableBlur.swift in Sources */,
				2672F1392C7D5899006A4375 /* Genders.swift in Sources */,
				265ED69E2C4501D1009142A7 /* FriendsView.swift in Sources */,
				26AB72512BC8086000F12616 /* Path.swift in Sources */,
				26A624012BDFCFF10074352D /* ImagePickerView.swift in Sources */,
			);
			runOnlyForDeploymentPostprocessing = 0;
		};
/* End PBXSourcesBuildPhase section */

/* Begin XCBuildConfiguration section */
		26B9985E2BBD92F1000D1E88 /* Debug */ = {
			isa = XCBuildConfiguration;
			buildSettings = {
				ALWAYS_SEARCH_USER_PATHS = NO;
				ASSETCATALOG_COMPILER_GENERATE_SWIFT_ASSET_SYMBOL_EXTENSIONS = YES;
				CLANG_ANALYZER_NONNULL = YES;
				CLANG_ANALYZER_NUMBER_OBJECT_CONVERSION = YES_AGGRESSIVE;
				CLANG_CXX_LANGUAGE_STANDARD = "gnu++20";
				CLANG_ENABLE_MODULES = YES;
				CLANG_ENABLE_OBJC_ARC = YES;
				CLANG_ENABLE_OBJC_WEAK = YES;
				CLANG_WARN_BLOCK_CAPTURE_AUTORELEASING = YES;
				CLANG_WARN_BOOL_CONVERSION = YES;
				CLANG_WARN_COMMA = YES;
				CLANG_WARN_CONSTANT_CONVERSION = YES;
				CLANG_WARN_DEPRECATED_OBJC_IMPLEMENTATIONS = YES;
				CLANG_WARN_DIRECT_OBJC_ISA_USAGE = YES_ERROR;
				CLANG_WARN_DOCUMENTATION_COMMENTS = YES;
				CLANG_WARN_EMPTY_BODY = YES;
				CLANG_WARN_ENUM_CONVERSION = YES;
				CLANG_WARN_INFINITE_RECURSION = YES;
				CLANG_WARN_INT_CONVERSION = YES;
				CLANG_WARN_NON_LITERAL_NULL_CONVERSION = YES;
				CLANG_WARN_OBJC_IMPLICIT_RETAIN_SELF = YES;
				CLANG_WARN_OBJC_LITERAL_CONVERSION = YES;
				CLANG_WARN_OBJC_ROOT_CLASS = YES_ERROR;
				CLANG_WARN_QUOTED_INCLUDE_IN_FRAMEWORK_HEADER = YES;
				CLANG_WARN_RANGE_LOOP_ANALYSIS = YES;
				CLANG_WARN_STRICT_PROTOTYPES = YES;
				CLANG_WARN_SUSPICIOUS_MOVE = YES;
				CLANG_WARN_UNGUARDED_AVAILABILITY = YES_AGGRESSIVE;
				CLANG_WARN_UNREACHABLE_CODE = YES;
				CLANG_WARN__DUPLICATE_METHOD_MATCH = YES;
				COPY_PHASE_STRIP = NO;
				DEBUG_INFORMATION_FORMAT = dwarf;
				ENABLE_STRICT_OBJC_MSGSEND = YES;
				ENABLE_TESTABILITY = YES;
				ENABLE_USER_SCRIPT_SANDBOXING = YES;
				GCC_C_LANGUAGE_STANDARD = gnu17;
				GCC_DYNAMIC_NO_PIC = NO;
				GCC_NO_COMMON_BLOCKS = YES;
				GCC_OPTIMIZATION_LEVEL = 0;
				GCC_PREPROCESSOR_DEFINITIONS = (
					"DEBUG=1",
					"$(inherited)",
				);
				GCC_WARN_64_TO_32_BIT_CONVERSION = YES;
				GCC_WARN_ABOUT_RETURN_TYPE = YES_ERROR;
				GCC_WARN_UNDECLARED_SELECTOR = YES;
				GCC_WARN_UNINITIALIZED_AUTOS = YES_AGGRESSIVE;
				GCC_WARN_UNUSED_FUNCTION = YES;
				GCC_WARN_UNUSED_VARIABLE = YES;
				IPHONEOS_DEPLOYMENT_TARGET = 17.4;
				LOCALIZATION_PREFERS_STRING_CATALOGS = YES;
				MTL_ENABLE_DEBUG_INFO = INCLUDE_SOURCE;
				MTL_FAST_MATH = YES;
				ONLY_ACTIVE_ARCH = YES;
				SDKROOT = iphoneos;
				SWIFT_ACTIVE_COMPILATION_CONDITIONS = "DEBUG $(inherited)";
				SWIFT_OPTIMIZATION_LEVEL = "-Onone";
			};
			name = Debug;
		};
		26B9985F2BBD92F1000D1E88 /* Release */ = {
			isa = XCBuildConfiguration;
			buildSettings = {
				ALWAYS_SEARCH_USER_PATHS = NO;
				ASSETCATALOG_COMPILER_GENERATE_SWIFT_ASSET_SYMBOL_EXTENSIONS = YES;
				CLANG_ANALYZER_NONNULL = YES;
				CLANG_ANALYZER_NUMBER_OBJECT_CONVERSION = YES_AGGRESSIVE;
				CLANG_CXX_LANGUAGE_STANDARD = "gnu++20";
				CLANG_ENABLE_MODULES = YES;
				CLANG_ENABLE_OBJC_ARC = YES;
				CLANG_ENABLE_OBJC_WEAK = YES;
				CLANG_WARN_BLOCK_CAPTURE_AUTORELEASING = YES;
				CLANG_WARN_BOOL_CONVERSION = YES;
				CLANG_WARN_COMMA = YES;
				CLANG_WARN_CONSTANT_CONVERSION = YES;
				CLANG_WARN_DEPRECATED_OBJC_IMPLEMENTATIONS = YES;
				CLANG_WARN_DIRECT_OBJC_ISA_USAGE = YES_ERROR;
				CLANG_WARN_DOCUMENTATION_COMMENTS = YES;
				CLANG_WARN_EMPTY_BODY = YES;
				CLANG_WARN_ENUM_CONVERSION = YES;
				CLANG_WARN_INFINITE_RECURSION = YES;
				CLANG_WARN_INT_CONVERSION = YES;
				CLANG_WARN_NON_LITERAL_NULL_CONVERSION = YES;
				CLANG_WARN_OBJC_IMPLICIT_RETAIN_SELF = YES;
				CLANG_WARN_OBJC_LITERAL_CONVERSION = YES;
				CLANG_WARN_OBJC_ROOT_CLASS = YES_ERROR;
				CLANG_WARN_QUOTED_INCLUDE_IN_FRAMEWORK_HEADER = YES;
				CLANG_WARN_RANGE_LOOP_ANALYSIS = YES;
				CLANG_WARN_STRICT_PROTOTYPES = YES;
				CLANG_WARN_SUSPICIOUS_MOVE = YES;
				CLANG_WARN_UNGUARDED_AVAILABILITY = YES_AGGRESSIVE;
				CLANG_WARN_UNREACHABLE_CODE = YES;
				CLANG_WARN__DUPLICATE_METHOD_MATCH = YES;
				COPY_PHASE_STRIP = NO;
				DEBUG_INFORMATION_FORMAT = "dwarf-with-dsym";
				ENABLE_NS_ASSERTIONS = NO;
				ENABLE_STRICT_OBJC_MSGSEND = YES;
				ENABLE_USER_SCRIPT_SANDBOXING = YES;
				GCC_C_LANGUAGE_STANDARD = gnu17;
				GCC_NO_COMMON_BLOCKS = YES;
				GCC_WARN_64_TO_32_BIT_CONVERSION = YES;
				GCC_WARN_ABOUT_RETURN_TYPE = YES_ERROR;
				GCC_WARN_UNDECLARED_SELECTOR = YES;
				GCC_WARN_UNINITIALIZED_AUTOS = YES_AGGRESSIVE;
				GCC_WARN_UNUSED_FUNCTION = YES;
				GCC_WARN_UNUSED_VARIABLE = YES;
				IPHONEOS_DEPLOYMENT_TARGET = 17.4;
				LOCALIZATION_PREFERS_STRING_CATALOGS = YES;
				MTL_ENABLE_DEBUG_INFO = NO;
				MTL_FAST_MATH = YES;
				SDKROOT = iphoneos;
				SWIFT_COMPILATION_MODE = wholemodule;
				VALIDATE_PRODUCT = YES;
			};
			name = Release;
		};
		26B998612BBD92F1000D1E88 /* Debug */ = {
			isa = XCBuildConfiguration;
			buildSettings = {
				ASSETCATALOG_COMPILER_APPICON_NAME = AppIcon;
				ASSETCATALOG_COMPILER_GLOBAL_ACCENT_COLOR_NAME = AccentColor;
				ASSETCATALOG_COMPILER_INCLUDE_ALL_APPICON_ASSETS = NO;
				CODE_SIGN_STYLE = Automatic;
				CURRENT_PROJECT_VERSION = 1;
				DEVELOPMENT_ASSET_PATHS = "\"city-walk-ios/Preview Content\"";
				DEVELOPMENT_TEAM = 28352DQA8R;
				ENABLE_PREVIEWS = YES;
				GENERATE_INFOPLIST_FILE = YES;
				INFOPLIST_FILE = "city-walk-ios/Info.plist";
				INFOPLIST_KEY_CFBundleDisplayName = "City Walk";
				INFOPLIST_KEY_NSLocationAlwaysAndWhenInUseUsageDescription = "需要使用您的位置信息";
				INFOPLIST_KEY_NSLocationAlwaysUsageDescription = "需要获取您的位置以提供更好的服务";
				INFOPLIST_KEY_NSLocationWhenInUseUsageDescription = "需要获取您的位置以提供更好的服务。";
				INFOPLIST_KEY_UIApplicationSceneManifest_Generation = YES;
				INFOPLIST_KEY_UIApplicationSupportsIndirectInputEvents = YES;
				INFOPLIST_KEY_UILaunchScreen_Generation = YES;
				INFOPLIST_KEY_UILaunchStoryboardName = "";
				INFOPLIST_KEY_UISupportedInterfaceOrientations_iPad = "UIInterfaceOrientationPortrait UIInterfaceOrientationPortraitUpsideDown UIInterfaceOrientationLandscapeLeft UIInterfaceOrientationLandscapeRight";
				INFOPLIST_KEY_UISupportedInterfaceOrientations_iPhone = "UIInterfaceOrientationPortrait UIInterfaceOrientationLandscapeLeft UIInterfaceOrientationLandscapeRight";
				IPHONEOS_DEPLOYMENT_TARGET = 17.1;
				LD_RUNPATH_SEARCH_PATHS = (
					"$(inherited)",
					"@executable_path/Frameworks",
				);
				MARKETING_VERSION = 1.0;
				PRODUCT_BUNDLE_IDENTIFIER = "tyh.city-walk-ios";
				PRODUCT_NAME = "$(TARGET_NAME)";
				SWIFT_EMIT_LOC_STRINGS = YES;
				SWIFT_VERSION = 5.0;
				TARGETED_DEVICE_FAMILY = "1,2";
			};
			name = Debug;
		};
		26B998622BBD92F1000D1E88 /* Release */ = {
			isa = XCBuildConfiguration;
			buildSettings = {
				ASSETCATALOG_COMPILER_APPICON_NAME = AppIcon;
				ASSETCATALOG_COMPILER_GLOBAL_ACCENT_COLOR_NAME = AccentColor;
				ASSETCATALOG_COMPILER_INCLUDE_ALL_APPICON_ASSETS = NO;
				CODE_SIGN_STYLE = Automatic;
				CURRENT_PROJECT_VERSION = 1;
				DEVELOPMENT_ASSET_PATHS = "\"city-walk-ios/Preview Content\"";
				DEVELOPMENT_TEAM = 28352DQA8R;
				ENABLE_PREVIEWS = YES;
				GENERATE_INFOPLIST_FILE = YES;
				INFOPLIST_FILE = "city-walk-ios/Info.plist";
				INFOPLIST_KEY_CFBundleDisplayName = "City Walk";
				INFOPLIST_KEY_NSLocationAlwaysAndWhenInUseUsageDescription = "需要使用您的位置信息";
				INFOPLIST_KEY_NSLocationAlwaysUsageDescription = "需要获取您的位置以提供更好的服务";
				INFOPLIST_KEY_NSLocationWhenInUseUsageDescription = "需要获取您的位置以提供更好的服务。";
				INFOPLIST_KEY_UIApplicationSceneManifest_Generation = YES;
				INFOPLIST_KEY_UIApplicationSupportsIndirectInputEvents = YES;
				INFOPLIST_KEY_UILaunchScreen_Generation = YES;
				INFOPLIST_KEY_UILaunchStoryboardName = "";
				INFOPLIST_KEY_UISupportedInterfaceOrientations_iPad = "UIInterfaceOrientationPortrait UIInterfaceOrientationPortraitUpsideDown UIInterfaceOrientationLandscapeLeft UIInterfaceOrientationLandscapeRight";
				INFOPLIST_KEY_UISupportedInterfaceOrientations_iPhone = "UIInterfaceOrientationPortrait UIInterfaceOrientationLandscapeLeft UIInterfaceOrientationLandscapeRight";
				IPHONEOS_DEPLOYMENT_TARGET = 17.1;
				LD_RUNPATH_SEARCH_PATHS = (
					"$(inherited)",
					"@executable_path/Frameworks",
				);
				MARKETING_VERSION = 1.0;
				PRODUCT_BUNDLE_IDENTIFIER = "tyh.city-walk-ios";
				PRODUCT_NAME = "$(TARGET_NAME)";
				SWIFT_EMIT_LOC_STRINGS = YES;
				SWIFT_VERSION = 5.0;
				TARGETED_DEVICE_FAMILY = "1,2";
			};
			name = Release;
		};
/* End XCBuildConfiguration section */

/* Begin XCConfigurationList section */
		26B9984D2BBD92EF000D1E88 /* Build configuration list for PBXProject "city-walk-ios" */ = {
			isa = XCConfigurationList;
			buildConfigurations = (
				26B9985E2BBD92F1000D1E88 /* Debug */,
				26B9985F2BBD92F1000D1E88 /* Release */,
			);
			defaultConfigurationIsVisible = 0;
			defaultConfigurationName = Release;
		};
		26B998602BBD92F1000D1E88 /* Build configuration list for PBXNativeTarget "city-walk-ios" */ = {
			isa = XCConfigurationList;
			buildConfigurations = (
				26B998612BBD92F1000D1E88 /* Debug */,
				26B998622BBD92F1000D1E88 /* Release */,
			);
			defaultConfigurationIsVisible = 0;
			defaultConfigurationName = Release;
		};
/* End XCConfigurationList section */

/* Begin XCRemoteSwiftPackageReference section */
		2672F1252C7B31E9006A4375 /* XCRemoteSwiftPackageReference "Kingfisher" */ = {
			isa = XCRemoteSwiftPackageReference;
			repositoryURL = "https://github.com/onevcat/Kingfisher";
			requirement = {
				kind = upToNextMajorVersion;
				minimumVersion = 7.12.0;
			};
		};
/* End XCRemoteSwiftPackageReference section */

/* Begin XCSwiftPackageProductDependency section */
		2672F1262C7B31E9006A4375 /* Kingfisher */ = {
			isa = XCSwiftPackageProductDependency;
			package = 2672F1252C7B31E9006A4375 /* XCRemoteSwiftPackageReference "Kingfisher" */;
			productName = Kingfisher;
		};
/* End XCSwiftPackageProductDependency section */
	};
	rootObject = 26B9984A2BBD92EF000D1E88 /* Project object */;
}
